// !$*UTF8*$!
{
	archiveVersion = 1;
	classes = {
	};
	objectVersion = 46;
	objects = {

/* Begin PBXBuildFile section */
		14036DD01E8BE9A5005FCBB2 /* Assets.xcassets in Resources */ = {isa = PBXBuildFile; fileRef = 14036DCF1E8BE9A5005FCBB2 /* Assets.xcassets */; };
		14B905021E8BEF1400214247 /* Photo.swift in Sources */ = {isa = PBXBuildFile; fileRef = 14B904FD1E8BEF1400214247 /* Photo.swift */; };
		14B905031E8BEF1400214247 /* Photo.swift in Sources */ = {isa = PBXBuildFile; fileRef = 14B904FD1E8BEF1400214247 /* Photo.swift */; };
		14B905051E8BEF1400214247 /* PhotoCell.swift in Sources */ = {isa = PBXBuildFile; fileRef = 14B904FE1E8BEF1400214247 /* PhotoCell.swift */; };
		14B905061E8BEF1400214247 /* PhotoCell.swift in Sources */ = {isa = PBXBuildFile; fileRef = 14B904FE1E8BEF1400214247 /* PhotoCell.swift */; };
		14B905081E8BEF1400214247 /* RemoteCollectionController.swift in Sources */ = {isa = PBXBuildFile; fileRef = 14B904FF1E8BEF1400214247 /* RemoteCollectionController.swift */; };
		14B905091E8BEF1400214247 /* RemoteCollectionController.swift in Sources */ = {isa = PBXBuildFile; fileRef = 14B904FF1E8BEF1400214247 /* RemoteCollectionController.swift */; };
		14B9050B1E8BEF1400214247 /* SectionHeader.swift in Sources */ = {isa = PBXBuildFile; fileRef = 14B905001E8BEF1400214247 /* SectionHeader.swift */; };
		14B9050C1E8BEF1400214247 /* SectionHeader.swift in Sources */ = {isa = PBXBuildFile; fileRef = 14B905001E8BEF1400214247 /* SectionHeader.swift */; };
		14BDCD4E1E939D5500FD41A0 /* SectionScrubber.h in Headers */ = {isa = PBXBuildFile; fileRef = 14BDCD4D1E939D5500FD41A0 /* SectionScrubber.h */; settings = {ATTRIBUTES = (Public, ); }; };
		14BDCD4F1E939D5500FD41A0 /* SectionScrubber.h in Headers */ = {isa = PBXBuildFile; fileRef = 14BDCD4D1E939D5500FD41A0 /* SectionScrubber.h */; settings = {ATTRIBUTES = (Public, ); }; };
		14BDCD531E939E0E00FD41A0 /* SectionScrubber.swift in Sources */ = {isa = PBXBuildFile; fileRef = 140156D41D00733A00424CBB /* SectionScrubber.swift */; };
		14BDCD541E939E0E00FD41A0 /* SectionLabel.swift in Sources */ = {isa = PBXBuildFile; fileRef = E61D29A01D05BDB5007C5DF2 /* SectionLabel.swift */; };
		14BDCD551E939E1100FD41A0 /* SectionScrubber.swift in Sources */ = {isa = PBXBuildFile; fileRef = 140156D41D00733A00424CBB /* SectionScrubber.swift */; };
		14BDCD561E939E1100FD41A0 /* SectionLabel.swift in Sources */ = {isa = PBXBuildFile; fileRef = E61D29A01D05BDB5007C5DF2 /* SectionLabel.swift */; };
		14BDCD571E939E3300FD41A0 /* SectionScrubber.framework in Frameworks */ = {isa = PBXBuildFile; fileRef = 14BDCD381E939CEE00FD41A0 /* SectionScrubber.framework */; };
		14BDCD5B1E939FC900FD41A0 /* Images.xcassets in Resources */ = {isa = PBXBuildFile; fileRef = 14BDCD5A1E939FC900FD41A0 /* Images.xcassets */; };
		14BDCD5C1E939FC900FD41A0 /* Images.xcassets in Resources */ = {isa = PBXBuildFile; fileRef = 14BDCD5A1E939FC900FD41A0 /* Images.xcassets */; };
		14BDCD611E93A05800FD41A0 /* Resources.xcassets in Resources */ = {isa = PBXBuildFile; fileRef = 14BDCD601E93A05800FD41A0 /* Resources.xcassets */; };
		14BDCD621E93A05800FD41A0 /* Resources.xcassets in Resources */ = {isa = PBXBuildFile; fileRef = 14BDCD601E93A05800FD41A0 /* Resources.xcassets */; };
		14C984021C0DE79200B5E515 /* Assets.xcassets in Resources */ = {isa = PBXBuildFile; fileRef = 14C984011C0DE79200B5E515 /* Assets.xcassets */; };
		14C984051C0DE79200B5E515 /* LaunchScreen.storyboard in Resources */ = {isa = PBXBuildFile; fileRef = 14C984031C0DE79200B5E515 /* LaunchScreen.storyboard */; };
		14DB48381E8BF620008B6E30 /* PhotosCollectionLayout.swift in Sources */ = {isa = PBXBuildFile; fileRef = 14DB48361E8BF620008B6E30 /* PhotosCollectionLayout.swift */; };
		14DB48391E8BF620008B6E30 /* PhotosCollectionLayout.swift in Sources */ = {isa = PBXBuildFile; fileRef = 14DB48361E8BF620008B6E30 /* PhotosCollectionLayout.swift */; };
		14DB483C1E8BF853008B6E30 /* AppDelegate.swift in Sources */ = {isa = PBXBuildFile; fileRef = 14DB483A1E8BF853008B6E30 /* AppDelegate.swift */; };
		14DB483D1E8BF853008B6E30 /* AppDelegate.swift in Sources */ = {isa = PBXBuildFile; fileRef = 14DB483A1E8BF853008B6E30 /* AppDelegate.swift */; };
		14EE765B1E93B586007DE87D /* SectionScrubber.framework in Frameworks */ = {isa = PBXBuildFile; fileRef = 14BDCD381E939CEE00FD41A0 /* SectionScrubber.framework */; };
		14EE765C1E93B586007DE87D /* SectionScrubber.framework in Embed Frameworks */ = {isa = PBXBuildFile; fileRef = 14BDCD381E939CEE00FD41A0 /* SectionScrubber.framework */; settings = {ATTRIBUTES = (CodeSignOnCopy, RemoveHeadersOnCopy, ); }; };
		14EE76651E93B5D8007DE87D /* SectionScrubber.framework in Frameworks */ = {isa = PBXBuildFile; fileRef = 14BDCD451E939CFE00FD41A0 /* SectionScrubber.framework */; };
		14EE76661E93B5D8007DE87D /* SectionScrubber.framework in Embed Frameworks */ = {isa = PBXBuildFile; fileRef = 14BDCD451E939CFE00FD41A0 /* SectionScrubber.framework */; settings = {ATTRIBUTES = (CodeSignOnCopy, RemoveHeadersOnCopy, ); }; };
		14EE76671E93B689007DE87D /* Tests.swift in Sources */ = {isa = PBXBuildFile; fileRef = 14A139B31AEFC72B00AD732F /* Tests.swift */; };
/* End PBXBuildFile section */

/* Begin PBXContainerItemProxy section */
		14EE765D1E93B586007DE87D /* PBXContainerItemProxy */ = {
			isa = PBXContainerItemProxy;
			containerPortal = 146D728B1AB782920058798C /* Project object */;
			proxyType = 1;
			remoteGlobalIDString = 14BDCD371E939CEE00FD41A0;
			remoteInfo = "SectionScrubber-iOS";
		};
		14EE76621E93B5A4007DE87D /* PBXContainerItemProxy */ = {
			isa = PBXContainerItemProxy;
			containerPortal = 146D728B1AB782920058798C /* Project object */;
			proxyType = 1;
			remoteGlobalIDString = 14BDCD441E939CFE00FD41A0;
			remoteInfo = "SectionScrubber-tvOS";
		};
/* End PBXContainerItemProxy section */

/* Begin PBXCopyFilesBuildPhase section */
		14EE765F1E93B586007DE87D /* Embed Frameworks */ = {
			isa = PBXCopyFilesBuildPhase;
			buildActionMask = 2147483647;
			dstPath = "";
			dstSubfolderSpec = 10;
			files = (
				14EE765C1E93B586007DE87D /* SectionScrubber.framework in Embed Frameworks */,
			);
			name = "Embed Frameworks";
			runOnlyForDeploymentPostprocessing = 0;
		};
		14EE76641E93B5A4007DE87D /* Embed Frameworks */ = {
			isa = PBXCopyFilesBuildPhase;
			buildActionMask = 2147483647;
			dstPath = "";
			dstSubfolderSpec = 10;
			files = (
				14EE76661E93B5D8007DE87D /* SectionScrubber.framework in Embed Frameworks */,
			);
			name = "Embed Frameworks";
			runOnlyForDeploymentPostprocessing = 0;
		};
/* End PBXCopyFilesBuildPhase section */

/* Begin PBXFileReference section */
		140156D41D00733A00424CBB /* SectionScrubber.swift */ = {isa = PBXFileReference; fileEncoding = 4; lastKnownFileType = sourcecode.swift; path = SectionScrubber.swift; sourceTree = "<group>"; };
		14036DC61E8BE9A5005FCBB2 /* tvOS.app */ = {isa = PBXFileReference; explicitFileType = wrapper.application; includeInIndex = 0; path = tvOS.app; sourceTree = BUILT_PRODUCTS_DIR; };
		14036DCF1E8BE9A5005FCBB2 /* Assets.xcassets */ = {isa = PBXFileReference; lastKnownFileType = folder.assetcatalog; path = Assets.xcassets; sourceTree = "<group>"; };
		14036DD11E8BE9A5005FCBB2 /* Info.plist */ = {isa = PBXFileReference; lastKnownFileType = text.plist.xml; path = Info.plist; sourceTree = "<group>"; };
		146D72AC1AB782920058798C /* Tests.xctest */ = {isa = PBXFileReference; explicitFileType = wrapper.cfbundle; includeInIndex = 0; path = Tests.xctest; sourceTree = BUILT_PRODUCTS_DIR; };
		146D72B11AB782920058798C /* Info.plist */ = {isa = PBXFileReference; lastKnownFileType = text.plist.xml; path = Info.plist; sourceTree = "<group>"; };
		14A139B31AEFC72B00AD732F /* Tests.swift */ = {isa = PBXFileReference; fileEncoding = 4; lastKnownFileType = sourcecode.swift; path = Tests.swift; sourceTree = "<group>"; };
		14B904FD1E8BEF1400214247 /* Photo.swift */ = {isa = PBXFileReference; fileEncoding = 4; lastKnownFileType = sourcecode.swift; path = Photo.swift; sourceTree = "<group>"; };
		14B904FE1E8BEF1400214247 /* PhotoCell.swift */ = {isa = PBXFileReference; fileEncoding = 4; lastKnownFileType = sourcecode.swift; path = PhotoCell.swift; sourceTree = "<group>"; };
		14B904FF1E8BEF1400214247 /* RemoteCollectionController.swift */ = {isa = PBXFileReference; fileEncoding = 4; lastKnownFileType = sourcecode.swift; path = RemoteCollectionController.swift; sourceTree = "<group>"; };
		14B905001E8BEF1400214247 /* SectionHeader.swift */ = {isa = PBXFileReference; fileEncoding = 4; lastKnownFileType = sourcecode.swift; path = SectionHeader.swift; sourceTree = "<group>"; };
		14BDCD381E939CEE00FD41A0 /* SectionScrubber.framework */ = {isa = PBXFileReference; explicitFileType = wrapper.framework; includeInIndex = 0; path = SectionScrubber.framework; sourceTree = BUILT_PRODUCTS_DIR; };
		14BDCD451E939CFE00FD41A0 /* SectionScrubber.framework */ = {isa = PBXFileReference; explicitFileType = wrapper.framework; includeInIndex = 0; path = SectionScrubber.framework; sourceTree = BUILT_PRODUCTS_DIR; };
		14BDCD4D1E939D5500FD41A0 /* SectionScrubber.h */ = {isa = PBXFileReference; fileEncoding = 4; lastKnownFileType = sourcecode.c.h; path = SectionScrubber.h; sourceTree = "<group>"; };
		14BDCD5A1E939FC900FD41A0 /* Images.xcassets */ = {isa = PBXFileReference; lastKnownFileType = folder.assetcatalog; path = Images.xcassets; sourceTree = "<group>"; };
		14BDCD5D1E93A00D00FD41A0 /* FrameworkInfo.plist */ = {isa = PBXFileReference; fileEncoding = 4; lastKnownFileType = text.plist.xml; path = FrameworkInfo.plist; sourceTree = "<group>"; };
		14BDCD601E93A05800FD41A0 /* Resources.xcassets */ = {isa = PBXFileReference; lastKnownFileType = folder.assetcatalog; path = Resources.xcassets; sourceTree = "<group>"; };
		14C0AF7F1BD6D4230009ECBE /* .slather.yml */ = {isa = PBXFileReference; lastKnownFileType = text; path = .slather.yml; sourceTree = "<group>"; };
		14C0AF801BD6D4230009ECBE /* .travis.yml */ = {isa = PBXFileReference; lastKnownFileType = text; path = .travis.yml; sourceTree = "<group>"; };
		14C0AF811BD6D4230009ECBE /* CHANGELOG.md */ = {isa = PBXFileReference; lastKnownFileType = net.daringfireball.markdown; path = CHANGELOG.md; sourceTree = "<group>"; };
		14C0AF821BD6D4230009ECBE /* CONTRIBUTING.md */ = {isa = PBXFileReference; lastKnownFileType = net.daringfireball.markdown; path = CONTRIBUTING.md; sourceTree = "<group>"; };
		14C0AF831BD6D4230009ECBE /* README.md */ = {isa = PBXFileReference; lastKnownFileType = net.daringfireball.markdown; path = README.md; sourceTree = "<group>"; };
		14C983FD1C0DE79200B5E515 /* iOS.app */ = {isa = PBXFileReference; explicitFileType = wrapper.application; includeInIndex = 0; path = iOS.app; sourceTree = BUILT_PRODUCTS_DIR; };
		14C984011C0DE79200B5E515 /* Assets.xcassets */ = {isa = PBXFileReference; lastKnownFileType = folder.assetcatalog; path = Assets.xcassets; sourceTree = "<group>"; };
		14C984041C0DE79200B5E515 /* Base */ = {isa = PBXFileReference; lastKnownFileType = file.storyboard; name = Base; path = Base.lproj/LaunchScreen.storyboard; sourceTree = "<group>"; };
		14C984061C0DE79200B5E515 /* Info.plist */ = {isa = PBXFileReference; lastKnownFileType = text.plist.xml; path = Info.plist; sourceTree = "<group>"; };
		14DB48361E8BF620008B6E30 /* PhotosCollectionLayout.swift */ = {isa = PBXFileReference; fileEncoding = 4; lastKnownFileType = sourcecode.swift; path = PhotosCollectionLayout.swift; sourceTree = "<group>"; };
		14DB483A1E8BF853008B6E30 /* AppDelegate.swift */ = {isa = PBXFileReference; fileEncoding = 4; lastKnownFileType = sourcecode.swift; path = AppDelegate.swift; sourceTree = "<group>"; };
		189BAD888FD0F3E10BD13B5F /* Pods_iOS.framework */ = {isa = PBXFileReference; explicitFileType = wrapper.framework; includeInIndex = 0; path = Pods_iOS.framework; sourceTree = BUILT_PRODUCTS_DIR; };
		E61D29A01D05BDB5007C5DF2 /* SectionLabel.swift */ = {isa = PBXFileReference; fileEncoding = 4; lastKnownFileType = sourcecode.swift; path = SectionLabel.swift; sourceTree = "<group>"; };
/* End PBXFileReference section */

/* Begin PBXFrameworksBuildPhase section */
		14036DC31E8BE9A5005FCBB2 /* Frameworks */ = {
			isa = PBXFrameworksBuildPhase;
			buildActionMask = 2147483647;
			files = (
				14EE76651E93B5D8007DE87D /* SectionScrubber.framework in Frameworks */,
			);
			runOnlyForDeploymentPostprocessing = 0;
		};
		146D72A91AB782920058798C /* Frameworks */ = {
			isa = PBXFrameworksBuildPhase;
			buildActionMask = 2147483647;
			files = (
				14BDCD571E939E3300FD41A0 /* SectionScrubber.framework in Frameworks */,
			);
			runOnlyForDeploymentPostprocessing = 0;
		};
		14BDCD341E939CEE00FD41A0 /* Frameworks */ = {
			isa = PBXFrameworksBuildPhase;
			buildActionMask = 2147483647;
			files = (
			);
			runOnlyForDeploymentPostprocessing = 0;
		};
		14BDCD411E939CFE00FD41A0 /* Frameworks */ = {
			isa = PBXFrameworksBuildPhase;
			buildActionMask = 2147483647;
			files = (
			);
			runOnlyForDeploymentPostprocessing = 0;
		};
		14C983FA1C0DE79200B5E515 /* Frameworks */ = {
			isa = PBXFrameworksBuildPhase;
			buildActionMask = 2147483647;
			files = (
				14EE765B1E93B586007DE87D /* SectionScrubber.framework in Frameworks */,
			);
			runOnlyForDeploymentPostprocessing = 0;
		};
/* End PBXFrameworksBuildPhase section */

/* Begin PBXGroup section */
		140156D31D00733A00424CBB /* Sources */ = {
			isa = PBXGroup;
			children = (
				14BDCD4D1E939D5500FD41A0 /* SectionScrubber.h */,
				140156D41D00733A00424CBB /* SectionScrubber.swift */,
				E61D29A01D05BDB5007C5DF2 /* SectionLabel.swift */,
			);
			path = Sources;
			sourceTree = "<group>";
		};
		14036DC71E8BE9A5005FCBB2 /* tvOS */ = {
			isa = PBXGroup;
			children = (
				14036DCF1E8BE9A5005FCBB2 /* Assets.xcassets */,
				14036DD11E8BE9A5005FCBB2 /* Info.plist */,
			);
			path = tvOS;
			sourceTree = "<group>";
		};
		146D728A1AB782920058798C = {
			isa = PBXGroup;
			children = (
				14B9050F1E8BEF5B00214247 /* Resources */,
				14B904FC1E8BEF1400214247 /* Library */,
				140156D31D00733A00424CBB /* Sources */,
				14C136501AB7849300B7B07A /* Metadata */,
				146D72AF1AB782920058798C /* Tests */,
				14C983FE1C0DE79200B5E515 /* iOS */,
				14036DC71E8BE9A5005FCBB2 /* tvOS */,
				146D72941AB782920058798C /* Products */,
				3C22AA8E541868C0436D5FC3 /* Frameworks */,
			);
			indentWidth = 4;
			sourceTree = "<group>";
			tabWidth = 4;
		};
		146D72941AB782920058798C /* Products */ = {
			isa = PBXGroup;
			children = (
				146D72AC1AB782920058798C /* Tests.xctest */,
				14C983FD1C0DE79200B5E515 /* iOS.app */,
				14036DC61E8BE9A5005FCBB2 /* tvOS.app */,
				14BDCD381E939CEE00FD41A0 /* SectionScrubber.framework */,
				14BDCD451E939CFE00FD41A0 /* SectionScrubber.framework */,
			);
			name = Products;
			sourceTree = "<group>";
		};
		146D72AF1AB782920058798C /* Tests */ = {
			isa = PBXGroup;
			children = (
				14A139B31AEFC72B00AD732F /* Tests.swift */,
				146D72B01AB782920058798C /* Supporting Files */,
			);
			path = Tests;
			sourceTree = "<group>";
		};
		146D72B01AB782920058798C /* Supporting Files */ = {
			isa = PBXGroup;
			children = (
				146D72B11AB782920058798C /* Info.plist */,
			);
			name = "Supporting Files";
			sourceTree = "<group>";
		};
		14B904FC1E8BEF1400214247 /* Library */ = {
			isa = PBXGroup;
			children = (
				14DB483A1E8BF853008B6E30 /* AppDelegate.swift */,
				14B904FD1E8BEF1400214247 /* Photo.swift */,
				14B904FE1E8BEF1400214247 /* PhotoCell.swift */,
				14B904FF1E8BEF1400214247 /* RemoteCollectionController.swift */,
				14B905001E8BEF1400214247 /* SectionHeader.swift */,
				14DB48361E8BF620008B6E30 /* PhotosCollectionLayout.swift */,
				14BDCD5A1E939FC900FD41A0 /* Images.xcassets */,
			);
			path = Library;
			sourceTree = "<group>";
		};
		14B9050F1E8BEF5B00214247 /* Resources */ = {
			isa = PBXGroup;
			children = (
				14BDCD601E93A05800FD41A0 /* Resources.xcassets */,
			);
			path = Resources;
			sourceTree = "<group>";
		};
		14C136501AB7849300B7B07A /* Metadata */ = {
			isa = PBXGroup;
			children = (
				14BDCD5D1E93A00D00FD41A0 /* FrameworkInfo.plist */,
				14C0AF7F1BD6D4230009ECBE /* .slather.yml */,
				14C0AF801BD6D4230009ECBE /* .travis.yml */,
				14C0AF811BD6D4230009ECBE /* CHANGELOG.md */,
				14C0AF821BD6D4230009ECBE /* CONTRIBUTING.md */,
				14C0AF831BD6D4230009ECBE /* README.md */,
			);
			name = Metadata;
			sourceTree = "<group>";
		};
		14C983FE1C0DE79200B5E515 /* iOS */ = {
			isa = PBXGroup;
			children = (
				14C984011C0DE79200B5E515 /* Assets.xcassets */,
				14C984031C0DE79200B5E515 /* LaunchScreen.storyboard */,
				14C984061C0DE79200B5E515 /* Info.plist */,
			);
			path = iOS;
			sourceTree = "<group>";
		};
		3C22AA8E541868C0436D5FC3 /* Frameworks */ = {
			isa = PBXGroup;
			children = (
				189BAD888FD0F3E10BD13B5F /* Pods_iOS.framework */,
			);
			name = Frameworks;
			sourceTree = "<group>";
		};
/* End PBXGroup section */

/* Begin PBXHeadersBuildPhase section */
		14BDCD351E939CEE00FD41A0 /* Headers */ = {
			isa = PBXHeadersBuildPhase;
			buildActionMask = 2147483647;
			files = (
				14BDCD4E1E939D5500FD41A0 /* SectionScrubber.h in Headers */,
			);
			runOnlyForDeploymentPostprocessing = 0;
		};
		14BDCD421E939CFE00FD41A0 /* Headers */ = {
			isa = PBXHeadersBuildPhase;
			buildActionMask = 2147483647;
			files = (
				14BDCD4F1E939D5500FD41A0 /* SectionScrubber.h in Headers */,
			);
			runOnlyForDeploymentPostprocessing = 0;
		};
/* End PBXHeadersBuildPhase section */

/* Begin PBXNativeTarget section */
		14036DC51E8BE9A5005FCBB2 /* tvOS */ = {
			isa = PBXNativeTarget;
			buildConfigurationList = 14036DD41E8BE9A5005FCBB2 /* Build configuration list for PBXNativeTarget "tvOS" */;
			buildPhases = (
				14036DC21E8BE9A5005FCBB2 /* Sources */,
				14036DC31E8BE9A5005FCBB2 /* Frameworks */,
				14036DC41E8BE9A5005FCBB2 /* Resources */,
				14EE76641E93B5A4007DE87D /* Embed Frameworks */,
			);
			buildRules = (
			);
			dependencies = (
				14EE76631E93B5A4007DE87D /* PBXTargetDependency */,
			);
			name = tvOS;
			productName = tvOS;
			productReference = 14036DC61E8BE9A5005FCBB2 /* tvOS.app */;
			productType = "com.apple.product-type.application";
		};
		146D72AB1AB782920058798C /* Tests */ = {
			isa = PBXNativeTarget;
			buildConfigurationList = 146D72B91AB782920058798C /* Build configuration list for PBXNativeTarget "Tests" */;
			buildPhases = (
				146D72A81AB782920058798C /* Sources */,
				146D72A91AB782920058798C /* Frameworks */,
				146D72AA1AB782920058798C /* Resources */,
			);
			buildRules = (
			);
			dependencies = (
			);
			name = Tests;
			productName = PodTests;
			productReference = 146D72AC1AB782920058798C /* Tests.xctest */;
			productType = "com.apple.product-type.bundle.unit-test";
		};
		14BDCD371E939CEE00FD41A0 /* SectionScrubber-iOS */ = {
			isa = PBXNativeTarget;
			buildConfigurationList = 14BDCD3F1E939CEE00FD41A0 /* Build configuration list for PBXNativeTarget "SectionScrubber-iOS" */;
			buildPhases = (
				14BDCD331E939CEE00FD41A0 /* Sources */,
				14BDCD341E939CEE00FD41A0 /* Frameworks */,
				14BDCD351E939CEE00FD41A0 /* Headers */,
				14BDCD361E939CEE00FD41A0 /* Resources */,
			);
			buildRules = (
			);
			dependencies = (
			);
			name = "SectionScrubber-iOS";
			productName = "SectionScrubber-iOS";
			productReference = 14BDCD381E939CEE00FD41A0 /* SectionScrubber.framework */;
			productType = "com.apple.product-type.framework";
		};
		14BDCD441E939CFE00FD41A0 /* SectionScrubber-tvOS */ = {
			isa = PBXNativeTarget;
			buildConfigurationList = 14BDCD4A1E939CFF00FD41A0 /* Build configuration list for PBXNativeTarget "SectionScrubber-tvOS" */;
			buildPhases = (
				14BDCD401E939CFE00FD41A0 /* Sources */,
				14BDCD411E939CFE00FD41A0 /* Frameworks */,
				14BDCD421E939CFE00FD41A0 /* Headers */,
				14BDCD431E939CFE00FD41A0 /* Resources */,
			);
			buildRules = (
			);
			dependencies = (
			);
			name = "SectionScrubber-tvOS";
			productName = "SectionScrubber-tvOS";
			productReference = 14BDCD451E939CFE00FD41A0 /* SectionScrubber.framework */;
			productType = "com.apple.product-type.framework";
		};
		14C983FC1C0DE79200B5E515 /* iOS */ = {
			isa = PBXNativeTarget;
			buildConfigurationList = 14C984091C0DE79200B5E515 /* Build configuration list for PBXNativeTarget "iOS" */;
			buildPhases = (
				14C983F91C0DE79200B5E515 /* Sources */,
				14C983FA1C0DE79200B5E515 /* Frameworks */,
				14C983FB1C0DE79200B5E515 /* Resources */,
				14EE765F1E93B586007DE87D /* Embed Frameworks */,
			);
			buildRules = (
			);
			dependencies = (
				14EE765E1E93B586007DE87D /* PBXTargetDependency */,
			);
			name = iOS;
			productName = iOS;
			productReference = 14C983FD1C0DE79200B5E515 /* iOS.app */;
			productType = "com.apple.product-type.application";
		};
/* End PBXNativeTarget section */

/* Begin PBXProject section */
		146D728B1AB782920058798C /* Project object */ = {
			isa = PBXProject;
			attributes = {
				CLASSPREFIX = "";
				LastSwiftUpdateCheck = 0830;
				LastUpgradeCheck = 0900;
				ORGANIZATIONNAME = "";
				TargetAttributes = {
					14036DC51E8BE9A5005FCBB2 = {
						CreatedOnToolsVersion = 8.3;
						DevelopmentTeam = 29X3GG489T;
						ProvisioningStyle = Automatic;
					};
					146D72AB1AB782920058798C = {
						CreatedOnToolsVersion = 6.2;
						DevelopmentTeam = 29X3GG489T;
						LastSwiftMigration = 0800;
					};
					14BDCD371E939CEE00FD41A0 = {
						CreatedOnToolsVersion = 8.3;
						DevelopmentTeam = 29X3GG489T;
						LastSwiftMigration = 0900;
						ProvisioningStyle = Automatic;
					};
					14BDCD441E939CFE00FD41A0 = {
						CreatedOnToolsVersion = 8.3;
						DevelopmentTeam = 29X3GG489T;
						LastSwiftMigration = 0900;
						ProvisioningStyle = Automatic;
					};
					14C983FC1C0DE79200B5E515 = {
						CreatedOnToolsVersion = 7.2;
						DevelopmentTeam = 29X3GG489T;
						LastSwiftMigration = 0900;
						ProvisioningStyle = Automatic;
					};
				};
			};
			buildConfigurationList = 146D728E1AB782920058798C /* Build configuration list for PBXProject "Demo" */;
			compatibilityVersion = "Xcode 3.2";
			developmentRegion = English;
			hasScannedForEncodings = 0;
			knownRegions = (
				en,
				Base,
			);
			mainGroup = 146D728A1AB782920058798C;
			productRefGroup = 146D72941AB782920058798C /* Products */;
			projectDirPath = "";
			projectRoot = "";
			targets = (
				146D72AB1AB782920058798C /* Tests */,
				14C983FC1C0DE79200B5E515 /* iOS */,
				14036DC51E8BE9A5005FCBB2 /* tvOS */,
				14BDCD371E939CEE00FD41A0 /* SectionScrubber-iOS */,
				14BDCD441E939CFE00FD41A0 /* SectionScrubber-tvOS */,
			);
		};
/* End PBXProject section */

/* Begin PBXResourcesBuildPhase section */
		14036DC41E8BE9A5005FCBB2 /* Resources */ = {
			isa = PBXResourcesBuildPhase;
			buildActionMask = 2147483647;
			files = (
				14BDCD5C1E939FC900FD41A0 /* Images.xcassets in Resources */,
				14036DD01E8BE9A5005FCBB2 /* Assets.xcassets in Resources */,
			);
			runOnlyForDeploymentPostprocessing = 0;
		};
		146D72AA1AB782920058798C /* Resources */ = {
			isa = PBXResourcesBuildPhase;
			buildActionMask = 2147483647;
			files = (
			);
			runOnlyForDeploymentPostprocessing = 0;
		};
		14BDCD361E939CEE00FD41A0 /* Resources */ = {
			isa = PBXResourcesBuildPhase;
			buildActionMask = 2147483647;
			files = (
				14BDCD611E93A05800FD41A0 /* Resources.xcassets in Resources */,
			);
			runOnlyForDeploymentPostprocessing = 0;
		};
		14BDCD431E939CFE00FD41A0 /* Resources */ = {
			isa = PBXResourcesBuildPhase;
			buildActionMask = 2147483647;
			files = (
				14BDCD621E93A05800FD41A0 /* Resources.xcassets in Resources */,
			);
			runOnlyForDeploymentPostprocessing = 0;
		};
		14C983FB1C0DE79200B5E515 /* Resources */ = {
			isa = PBXResourcesBuildPhase;
			buildActionMask = 2147483647;
			files = (
				14BDCD5B1E939FC900FD41A0 /* Images.xcassets in Resources */,
				14C984021C0DE79200B5E515 /* Assets.xcassets in Resources */,
				14C984051C0DE79200B5E515 /* LaunchScreen.storyboard in Resources */,
			);
			runOnlyForDeploymentPostprocessing = 0;
		};
/* End PBXResourcesBuildPhase section */

/* Begin PBXSourcesBuildPhase section */
		14036DC21E8BE9A5005FCBB2 /* Sources */ = {
			isa = PBXSourcesBuildPhase;
			buildActionMask = 2147483647;
			files = (
				14DB483D1E8BF853008B6E30 /* AppDelegate.swift in Sources */,
				14B905031E8BEF1400214247 /* Photo.swift in Sources */,
				14B905061E8BEF1400214247 /* PhotoCell.swift in Sources */,
				14B9050C1E8BEF1400214247 /* SectionHeader.swift in Sources */,
				14B905091E8BEF1400214247 /* RemoteCollectionController.swift in Sources */,
				14DB48391E8BF620008B6E30 /* PhotosCollectionLayout.swift in Sources */,
			);
			runOnlyForDeploymentPostprocessing = 0;
		};
		146D72A81AB782920058798C /* Sources */ = {
			isa = PBXSourcesBuildPhase;
			buildActionMask = 2147483647;
			files = (
				14EE76671E93B689007DE87D /* Tests.swift in Sources */,
			);
			runOnlyForDeploymentPostprocessing = 0;
		};
		14BDCD331E939CEE00FD41A0 /* Sources */ = {
			isa = PBXSourcesBuildPhase;
			buildActionMask = 2147483647;
			files = (
				14BDCD531E939E0E00FD41A0 /* SectionScrubber.swift in Sources */,
				14BDCD541E939E0E00FD41A0 /* SectionLabel.swift in Sources */,
			);
			runOnlyForDeploymentPostprocessing = 0;
		};
		14BDCD401E939CFE00FD41A0 /* Sources */ = {
			isa = PBXSourcesBuildPhase;
			buildActionMask = 2147483647;
			files = (
				14BDCD551E939E1100FD41A0 /* SectionScrubber.swift in Sources */,
				14BDCD561E939E1100FD41A0 /* SectionLabel.swift in Sources */,
			);
			runOnlyForDeploymentPostprocessing = 0;
		};
		14C983F91C0DE79200B5E515 /* Sources */ = {
			isa = PBXSourcesBuildPhase;
			buildActionMask = 2147483647;
			files = (
				14DB483C1E8BF853008B6E30 /* AppDelegate.swift in Sources */,
				14B905081E8BEF1400214247 /* RemoteCollectionController.swift in Sources */,
				14B905021E8BEF1400214247 /* Photo.swift in Sources */,
				14B905051E8BEF1400214247 /* PhotoCell.swift in Sources */,
				14B9050B1E8BEF1400214247 /* SectionHeader.swift in Sources */,
				14DB48381E8BF620008B6E30 /* PhotosCollectionLayout.swift in Sources */,
			);
			runOnlyForDeploymentPostprocessing = 0;
		};
/* End PBXSourcesBuildPhase section */

/* Begin PBXTargetDependency section */
		14EE765E1E93B586007DE87D /* PBXTargetDependency */ = {
			isa = PBXTargetDependency;
			target = 14BDCD371E939CEE00FD41A0 /* SectionScrubber-iOS */;
			targetProxy = 14EE765D1E93B586007DE87D /* PBXContainerItemProxy */;
		};
		14EE76631E93B5A4007DE87D /* PBXTargetDependency */ = {
			isa = PBXTargetDependency;
			target = 14BDCD441E939CFE00FD41A0 /* SectionScrubber-tvOS */;
			targetProxy = 14EE76621E93B5A4007DE87D /* PBXContainerItemProxy */;
		};
/* End PBXTargetDependency section */

/* Begin PBXVariantGroup section */
		14C984031C0DE79200B5E515 /* LaunchScreen.storyboard */ = {
			isa = PBXVariantGroup;
			children = (
				14C984041C0DE79200B5E515 /* Base */,
			);
			name = LaunchScreen.storyboard;
			sourceTree = "<group>";
		};
/* End PBXVariantGroup section */

/* Begin XCBuildConfiguration section */
		14036DD21E8BE9A5005FCBB2 /* Debug */ = {
			isa = XCBuildConfiguration;
			buildSettings = {
				ALWAYS_EMBED_SWIFT_STANDARD_LIBRARIES = YES;
				ASSETCATALOG_COMPILER_APPICON_NAME = "App Icon & Top Shelf Image";
				ASSETCATALOG_COMPILER_LAUNCHIMAGE_NAME = LaunchImage;
				CLANG_ANALYZER_NONNULL = YES;
				CLANG_ANALYZER_NUMBER_OBJECT_CONVERSION = YES_AGGRESSIVE;
				CLANG_WARN_DOCUMENTATION_COMMENTS = YES;
				DEBUG_INFORMATION_FORMAT = dwarf;
				DEVELOPMENT_TEAM = 29X3GG489T;
				INFOPLIST_FILE = tvOS/Info.plist;
				LD_RUNPATH_SEARCH_PATHS = "$(inherited) @executable_path/Frameworks";
				PRODUCT_BUNDLE_IDENTIFIER = com.bakkenbaeck.tvOS;
				PRODUCT_NAME = "$(TARGET_NAME)";
				SDKROOT = appletvos;
				SWIFT_ACTIVE_COMPILATION_CONDITIONS = DEBUG;
				SWIFT_OPTIMIZATION_LEVEL = "-Onone";
				SWIFT_VERSION = 4.0;
				TARGETED_DEVICE_FAMILY = 3;
				TVOS_DEPLOYMENT_TARGET = 9.0;
			};
			name = Debug;
		};
		14036DD31E8BE9A5005FCBB2 /* Release */ = {
			isa = XCBuildConfiguration;
			buildSettings = {
				ALWAYS_EMBED_SWIFT_STANDARD_LIBRARIES = YES;
				ASSETCATALOG_COMPILER_APPICON_NAME = "App Icon & Top Shelf Image";
				ASSETCATALOG_COMPILER_LAUNCHIMAGE_NAME = LaunchImage;
				CLANG_ANALYZER_NONNULL = YES;
				CLANG_ANALYZER_NUMBER_OBJECT_CONVERSION = YES_AGGRESSIVE;
				CLANG_WARN_DOCUMENTATION_COMMENTS = YES;
				DEBUG_INFORMATION_FORMAT = "dwarf-with-dsym";
				DEVELOPMENT_TEAM = 29X3GG489T;
				INFOPLIST_FILE = tvOS/Info.plist;
				LD_RUNPATH_SEARCH_PATHS = "$(inherited) @executable_path/Frameworks";
				PRODUCT_BUNDLE_IDENTIFIER = com.bakkenbaeck.tvOS;
				PRODUCT_NAME = "$(TARGET_NAME)";
				SDKROOT = appletvos;
				SWIFT_VERSION = 4.0;
				TARGETED_DEVICE_FAMILY = 3;
				TVOS_DEPLOYMENT_TARGET = 9.0;
			};
			name = Release;
		};
		146D72B41AB782920058798C /* Debug */ = {
			isa = XCBuildConfiguration;
			buildSettings = {
				ALWAYS_SEARCH_USER_PATHS = NO;
				CLANG_CXX_LANGUAGE_STANDARD = "gnu++0x";
				CLANG_CXX_LIBRARY = "libc++";
				CLANG_ENABLE_MODULES = YES;
				CLANG_ENABLE_OBJC_ARC = YES;
				CLANG_WARN_BLOCK_CAPTURE_AUTORELEASING = YES;
				CLANG_WARN_BOOL_CONVERSION = YES;
				CLANG_WARN_COMMA = YES;
				CLANG_WARN_CONSTANT_CONVERSION = YES;
				CLANG_WARN_DIRECT_OBJC_ISA_USAGE = YES_ERROR;
				CLANG_WARN_EMPTY_BODY = YES;
				CLANG_WARN_ENUM_CONVERSION = YES;
				CLANG_WARN_INFINITE_RECURSION = YES;
				CLANG_WARN_INT_CONVERSION = YES;
				CLANG_WARN_NON_LITERAL_NULL_CONVERSION = YES;
				CLANG_WARN_OBJC_LITERAL_CONVERSION = YES;
				CLANG_WARN_OBJC_ROOT_CLASS = YES_ERROR;
				CLANG_WARN_RANGE_LOOP_ANALYSIS = YES;
				CLANG_WARN_STRICT_PROTOTYPES = YES;
				CLANG_WARN_SUSPICIOUS_MOVE = YES;
				CLANG_WARN_UNREACHABLE_CODE = YES;
				CLANG_WARN__DUPLICATE_METHOD_MATCH = YES;
				"CODE_SIGN_IDENTITY[sdk=iphoneos*]" = "iPhone Developer";
				COPY_PHASE_STRIP = NO;
				ENABLE_STRICT_OBJC_MSGSEND = YES;
				ENABLE_TESTABILITY = YES;
				GCC_C_LANGUAGE_STANDARD = gnu99;
				GCC_DYNAMIC_NO_PIC = NO;
				GCC_NO_COMMON_BLOCKS = YES;
				GCC_OPTIMIZATION_LEVEL = 0;
				GCC_PREPROCESSOR_DEFINITIONS = (
					"DEBUG=1",
					"$(inherited)",
				);
				GCC_SYMBOLS_PRIVATE_EXTERN = NO;
				GCC_WARN_64_TO_32_BIT_CONVERSION = YES;
				GCC_WARN_ABOUT_RETURN_TYPE = YES_ERROR;
				GCC_WARN_UNDECLARED_SELECTOR = YES;
				GCC_WARN_UNINITIALIZED_AUTOS = YES_AGGRESSIVE;
				GCC_WARN_UNUSED_FUNCTION = YES;
				GCC_WARN_UNUSED_VARIABLE = YES;
				IPHONEOS_DEPLOYMENT_TARGET = 9.0;
				MTL_ENABLE_DEBUG_INFO = YES;
				ONLY_ACTIVE_ARCH = YES;
				SDKROOT = iphoneos;
				SWIFT_VERSION = 4.0;
			};
			name = Debug;
		};
		146D72B51AB782920058798C /* Release */ = {
			isa = XCBuildConfiguration;
			buildSettings = {
				ALWAYS_SEARCH_USER_PATHS = NO;
				CLANG_CXX_LANGUAGE_STANDARD = "gnu++0x";
				CLANG_CXX_LIBRARY = "libc++";
				CLANG_ENABLE_MODULES = YES;
				CLANG_ENABLE_OBJC_ARC = YES;
				CLANG_WARN_BLOCK_CAPTURE_AUTORELEASING = YES;
				CLANG_WARN_BOOL_CONVERSION = YES;
				CLANG_WARN_COMMA = YES;
				CLANG_WARN_CONSTANT_CONVERSION = YES;
				CLANG_WARN_DIRECT_OBJC_ISA_USAGE = YES_ERROR;
				CLANG_WARN_EMPTY_BODY = YES;
				CLANG_WARN_ENUM_CONVERSION = YES;
				CLANG_WARN_INFINITE_RECURSION = YES;
				CLANG_WARN_INT_CONVERSION = YES;
				CLANG_WARN_NON_LITERAL_NULL_CONVERSION = YES;
				CLANG_WARN_OBJC_LITERAL_CONVERSION = YES;
				CLANG_WARN_OBJC_ROOT_CLASS = YES_ERROR;
				CLANG_WARN_RANGE_LOOP_ANALYSIS = YES;
				CLANG_WARN_STRICT_PROTOTYPES = YES;
				CLANG_WARN_SUSPICIOUS_MOVE = YES;
				CLANG_WARN_UNREACHABLE_CODE = YES;
				CLANG_WARN__DUPLICATE_METHOD_MATCH = YES;
				"CODE_SIGN_IDENTITY[sdk=iphoneos*]" = "iPhone Developer";
				COPY_PHASE_STRIP = NO;
				ENABLE_NS_ASSERTIONS = NO;
				ENABLE_STRICT_OBJC_MSGSEND = YES;
				GCC_C_LANGUAGE_STANDARD = gnu99;
				GCC_NO_COMMON_BLOCKS = YES;
				GCC_WARN_64_TO_32_BIT_CONVERSION = YES;
				GCC_WARN_ABOUT_RETURN_TYPE = YES_ERROR;
				GCC_WARN_UNDECLARED_SELECTOR = YES;
				GCC_WARN_UNINITIALIZED_AUTOS = YES_AGGRESSIVE;
				GCC_WARN_UNUSED_FUNCTION = YES;
				GCC_WARN_UNUSED_VARIABLE = YES;
				IPHONEOS_DEPLOYMENT_TARGET = 9.0;
				MTL_ENABLE_DEBUG_INFO = NO;
				SDKROOT = iphoneos;
				SWIFT_OPTIMIZATION_LEVEL = "-Owholemodule";
				SWIFT_VERSION = 4.0;
				VALIDATE_PRODUCT = YES;
			};
			name = Release;
		};
		146D72BA1AB782920058798C /* Debug */ = {
			isa = XCBuildConfiguration;
			buildSettings = {
				CLANG_ENABLE_MODULES = YES;
				DEVELOPMENT_TEAM = 29X3GG489T;
				FRAMEWORK_SEARCH_PATHS = "";
				GCC_PREPROCESSOR_DEFINITIONS = (
					"DEBUG=1",
					"$(inherited)",
				);
				INFOPLIST_FILE = Tests/Info.plist;
				LD_RUNPATH_SEARCH_PATHS = "$(inherited) @executable_path/Frameworks @loader_path/Frameworks";
				PRODUCT_BUNDLE_IDENTIFIER = "com.sample.$(PRODUCT_NAME:rfc1034identifier)";
				PRODUCT_NAME = "$(TARGET_NAME)";
				SWIFT_OPTIMIZATION_LEVEL = "-Onone";
				SWIFT_VERSION = 4.0;
			};
			name = Debug;
		};
		146D72BB1AB782920058798C /* Release */ = {
			isa = XCBuildConfiguration;
			buildSettings = {
				CLANG_ENABLE_MODULES = YES;
				DEVELOPMENT_TEAM = 29X3GG489T;
				FRAMEWORK_SEARCH_PATHS = "";
				INFOPLIST_FILE = Tests/Info.plist;
				LD_RUNPATH_SEARCH_PATHS = "$(inherited) @executable_path/Frameworks @loader_path/Frameworks";
				PRODUCT_BUNDLE_IDENTIFIER = "com.sample.$(PRODUCT_NAME:rfc1034identifier)";
				PRODUCT_NAME = "$(TARGET_NAME)";
				SWIFT_VERSION = 4.0;
			};
			name = Release;
		};
		14BDCD3D1E939CEE00FD41A0 /* Debug */ = {
			isa = XCBuildConfiguration;
			buildSettings = {
				CLANG_ANALYZER_NONNULL = YES;
				CLANG_ANALYZER_NUMBER_OBJECT_CONVERSION = YES_AGGRESSIVE;
				CLANG_WARN_DOCUMENTATION_COMMENTS = YES;
				CODE_SIGN_IDENTITY = "iPhone Developer";
				"CODE_SIGN_IDENTITY[sdk=iphoneos*]" = "";
				CURRENT_PROJECT_VERSION = 1;
				DEBUG_INFORMATION_FORMAT = dwarf;
				DEFINES_MODULE = YES;
				DEVELOPMENT_TEAM = 29X3GG489T;
				DYLIB_COMPATIBILITY_VERSION = 1;
				DYLIB_CURRENT_VERSION = 1;
				DYLIB_INSTALL_NAME_BASE = "@rpath";
				INFOPLIST_FILE = "$(SRCROOT)/FrameworkInfo.plist";
				INSTALL_PATH = "$(LOCAL_LIBRARY_DIR)/Frameworks";
				IPHONEOS_DEPLOYMENT_TARGET = 9.0;
				LD_RUNPATH_SEARCH_PATHS = "$(inherited) @executable_path/Frameworks @loader_path/Frameworks";
				PRODUCT_BUNDLE_IDENTIFIER = com.bakkenbaeck.SectionScrubber;
				PRODUCT_NAME = SectionScrubber;
				SKIP_INSTALL = YES;
				SWIFT_ACTIVE_COMPILATION_CONDITIONS = DEBUG;
				SWIFT_OPTIMIZATION_LEVEL = "-Onone";
				SWIFT_SWIFT3_OBJC_INFERENCE = Default;
				SWIFT_VERSION = 4.0;
				TARGETED_DEVICE_FAMILY = "1,2";
				VERSIONING_SYSTEM = "apple-generic";
				VERSION_INFO_PREFIX = "";
			};
			name = Debug;
		};
		14BDCD3E1E939CEE00FD41A0 /* Release */ = {
			isa = XCBuildConfiguration;
			buildSettings = {
				CLANG_ANALYZER_NONNULL = YES;
				CLANG_ANALYZER_NUMBER_OBJECT_CONVERSION = YES_AGGRESSIVE;
				CLANG_WARN_DOCUMENTATION_COMMENTS = YES;
				CODE_SIGN_IDENTITY = "iPhone Distribution";
				"CODE_SIGN_IDENTITY[sdk=iphoneos*]" = "";
				CURRENT_PROJECT_VERSION = 1;
				DEBUG_INFORMATION_FORMAT = "dwarf-with-dsym";
				DEFINES_MODULE = YES;
				DEVELOPMENT_TEAM = 29X3GG489T;
				DYLIB_COMPATIBILITY_VERSION = 1;
				DYLIB_CURRENT_VERSION = 1;
				DYLIB_INSTALL_NAME_BASE = "@rpath";
				INFOPLIST_FILE = "$(SRCROOT)/FrameworkInfo.plist";
				INSTALL_PATH = "$(LOCAL_LIBRARY_DIR)/Frameworks";
				IPHONEOS_DEPLOYMENT_TARGET = 9.0;
				LD_RUNPATH_SEARCH_PATHS = "$(inherited) @executable_path/Frameworks @loader_path/Frameworks";
				PRODUCT_BUNDLE_IDENTIFIER = com.bakkenbaeck.SectionScrubber;
				PRODUCT_NAME = SectionScrubber;
				SKIP_INSTALL = YES;
				SWIFT_SWIFT3_OBJC_INFERENCE = Default;
				SWIFT_VERSION = 4.0;
				TARGETED_DEVICE_FAMILY = "1,2";
				VERSIONING_SYSTEM = "apple-generic";
				VERSION_INFO_PREFIX = "";
			};
			name = Release;
		};
		14BDCD4B1E939CFF00FD41A0 /* Debug */ = {
			isa = XCBuildConfiguration;
			buildSettings = {
				CLANG_ANALYZER_NONNULL = YES;
				CLANG_ANALYZER_NUMBER_OBJECT_CONVERSION = YES_AGGRESSIVE;
				CLANG_WARN_DOCUMENTATION_COMMENTS = YES;
				CODE_SIGN_IDENTITY = "";
				CURRENT_PROJECT_VERSION = 1;
				DEBUG_INFORMATION_FORMAT = dwarf;
				DEFINES_MODULE = YES;
				DEVELOPMENT_TEAM = 29X3GG489T;
				DYLIB_COMPATIBILITY_VERSION = 1;
				DYLIB_CURRENT_VERSION = 1;
				DYLIB_INSTALL_NAME_BASE = "@rpath";
				INFOPLIST_FILE = "$(SRCROOT)/FrameworkInfo.plist";
				INSTALL_PATH = "$(LOCAL_LIBRARY_DIR)/Frameworks";
				LD_RUNPATH_SEARCH_PATHS = "$(inherited) @executable_path/Frameworks @loader_path/Frameworks";
				PRODUCT_BUNDLE_IDENTIFIER = com.bakkenbaeck.SectionScrubber;
				PRODUCT_NAME = SectionScrubber;
				SDKROOT = appletvos;
				SKIP_INSTALL = YES;
				SWIFT_ACTIVE_COMPILATION_CONDITIONS = DEBUG;
				SWIFT_OPTIMIZATION_LEVEL = "-Onone";
				SWIFT_SWIFT3_OBJC_INFERENCE = Default;
				SWIFT_VERSION = 4.0;
				TARGETED_DEVICE_FAMILY = 3;
				TVOS_DEPLOYMENT_TARGET = 9.0;
				VERSIONING_SYSTEM = "apple-generic";
				VERSION_INFO_PREFIX = "";
			};
			name = Debug;
		};
		14BDCD4C1E939CFF00FD41A0 /* Release */ = {
			isa = XCBuildConfiguration;
			buildSettings = {
				CLANG_ANALYZER_NONNULL = YES;
				CLANG_ANALYZER_NUMBER_OBJECT_CONVERSION = YES_AGGRESSIVE;
				CLANG_WARN_DOCUMENTATION_COMMENTS = YES;
				CODE_SIGN_IDENTITY = "";
				CURRENT_PROJECT_VERSION = 1;
				DEBUG_INFORMATION_FORMAT = "dwarf-with-dsym";
				DEFINES_MODULE = YES;
				DEVELOPMENT_TEAM = 29X3GG489T;
				DYLIB_COMPATIBILITY_VERSION = 1;
				DYLIB_CURRENT_VERSION = 1;
				DYLIB_INSTALL_NAME_BASE = "@rpath";
				INFOPLIST_FILE = "$(SRCROOT)/FrameworkInfo.plist";
				INSTALL_PATH = "$(LOCAL_LIBRARY_DIR)/Frameworks";
				LD_RUNPATH_SEARCH_PATHS = "$(inherited) @executable_path/Frameworks @loader_path/Frameworks";
				PRODUCT_BUNDLE_IDENTIFIER = com.bakkenbaeck.SectionScrubber;
				PRODUCT_NAME = SectionScrubber;
				SDKROOT = appletvos;
				SKIP_INSTALL = YES;
				SWIFT_SWIFT3_OBJC_INFERENCE = Default;
				SWIFT_VERSION = 4.0;
				TARGETED_DEVICE_FAMILY = 3;
				TVOS_DEPLOYMENT_TARGET = 9.0;
				VERSIONING_SYSTEM = "apple-generic";
				VERSION_INFO_PREFIX = "";
			};
			name = Release;
		};
		14C984071C0DE79200B5E515 /* Debug */ = {
			isa = XCBuildConfiguration;
			buildSettings = {
				ALWAYS_EMBED_SWIFT_STANDARD_LIBRARIES = YES;
				ASSETCATALOG_COMPILER_APPICON_NAME = AppIcon;
				CODE_SIGN_IDENTITY = "iPhone Developer";
				"CODE_SIGN_IDENTITY[sdk=iphoneos*]" = "iPhone Developer";
				DEBUG_INFORMATION_FORMAT = dwarf;
				DEVELOPMENT_TEAM = 29X3GG489T;
				GCC_NO_COMMON_BLOCKS = YES;
				INFOPLIST_FILE = iOS/Info.plist;
				IPHONEOS_DEPLOYMENT_TARGET = 9.0;
				LD_RUNPATH_SEARCH_PATHS = "$(inherited) @executable_path/Frameworks";
				PRODUCT_BUNDLE_IDENTIFIER = com.demoapp.ios;
				PRODUCT_NAME = "$(TARGET_NAME)";
				PROVISIONING_PROFILE = "";
				PROVISIONING_PROFILE_SPECIFIER = "";
				SWIFT_OPTIMIZATION_LEVEL = "-Onone";
				SWIFT_SWIFT3_OBJC_INFERENCE = Default;
				SWIFT_VERSION = 4.0;
				TARGETED_DEVICE_FAMILY = "1,2";
			};
			name = Debug;
		};
		14C984081C0DE79200B5E515 /* Release */ = {
			isa = XCBuildConfiguration;
			buildSettings = {
				ALWAYS_EMBED_SWIFT_STANDARD_LIBRARIES = YES;
				ASSETCATALOG_COMPILER_APPICON_NAME = AppIcon;
				CODE_SIGN_IDENTITY = "iPhone Distribution";
				"CODE_SIGN_IDENTITY[sdk=iphoneos*]" = "iPhone Developer";
				DEBUG_INFORMATION_FORMAT = "dwarf-with-dsym";
				DEVELOPMENT_TEAM = 29X3GG489T;
				GCC_NO_COMMON_BLOCKS = YES;
				INFOPLIST_FILE = iOS/Info.plist;
				IPHONEOS_DEPLOYMENT_TARGET = 9.0;
				LD_RUNPATH_SEARCH_PATHS = "$(inherited) @executable_path/Frameworks";
				PRODUCT_BUNDLE_IDENTIFIER = com.demoapp.ios;
				PRODUCT_NAME = "$(TARGET_NAME)";
				PROVISIONING_PROFILE = "";
				PROVISIONING_PROFILE_SPECIFIER = "";
				SWIFT_SWIFT3_OBJC_INFERENCE = Default;
				SWIFT_VERSION = 4.0;
				TARGETED_DEVICE_FAMILY = "1,2";
			};
			name = Release;
		};
/* End XCBuildConfiguration section */

/* Begin XCConfigurationList section */
		14036DD41E8BE9A5005FCBB2 /* Build configuration list for PBXNativeTarget "tvOS" */ = {
			isa = XCConfigurationList;
			buildConfigurations = (
				14036DD21E8BE9A5005FCBB2 /* Debug */,
				14036DD31E8BE9A5005FCBB2 /* Release */,
			);
			defaultConfigurationIsVisible = 0;
			defaultConfigurationName = Release;
		};
		146D728E1AB782920058798C /* Build configuration list for PBXProject "Demo" */ = {
			isa = XCConfigurationList;
			buildConfigurations = (
				146D72B41AB782920058798C /* Debug */,
				146D72B51AB782920058798C /* Release */,
			);
			defaultConfigurationIsVisible = 0;
			defaultConfigurationName = Release;
		};
		146D72B91AB782920058798C /* Build configuration list for PBXNativeTarget "Tests" */ = {
			isa = XCConfigurationList;
			buildConfigurations = (
				146D72BA1AB782920058798C /* Debug */,
				146D72BB1AB782920058798C /* Release */,
			);
			defaultConfigurationIsVisible = 0;
			defaultConfigurationName = Release;
		};
		14BDCD3F1E939CEE00FD41A0 /* Build configuration list for PBXNativeTarget "SectionScrubber-iOS" */ = {
			isa = XCConfigurationList;
			buildConfigurations = (
				14BDCD3D1E939CEE00FD41A0 /* Debug */,
				14BDCD3E1E939CEE00FD41A0 /* Release */,
			);
			defaultConfigurationIsVisible = 0;
			defaultConfigurationName = Release;
		};
		14BDCD4A1E939CFF00FD41A0 /* Build configuration list for PBXNativeTarget "SectionScrubber-tvOS" */ = {
			isa = XCConfigurationList;
			buildConfigurations = (
				14BDCD4B1E939CFF00FD41A0 /* Debug */,
				14BDCD4C1E939CFF00FD41A0 /* Release */,
			);
			defaultConfigurationIsVisible = 0;
			defaultConfigurationName = Release;
		};
		14C984091C0DE79200B5E515 /* Build configuration list for PBXNativeTarget "iOS" */ = {
			isa = XCConfigurationList;
			buildConfigurations = (
				14C984071C0DE79200B5E515 /* Debug */,
				14C984081C0DE79200B5E515 /* Release */,
			);
			defaultConfigurationIsVisible = 0;
			defaultConfigurationName = Release;
		};
/* End XCConfigurationList section */
	};
	rootObject = 146D728B1AB782920058798C /* Project object */;
}
